// !$*UTF8*$!
{
	archiveVersion = 1;
	classes = {
	};
	objectVersion = 50;
	objects = {

/* Begin PBXBuildFile section */
		5B16201623BD02B900E09D2B /* ConfigurationWindowController.swift in Sources */ = {isa = PBXBuildFile; fileRef = 5B16201423BD02B900E09D2B /* ConfigurationWindowController.swift */; };
		5B16201723BD02B900E09D2B /* ConfigurationWindowController.xib in Resources */ = {isa = PBXBuildFile; fileRef = 5B16201523BD02B900E09D2B /* ConfigurationWindowController.xib */; };
		5BFF759923BB34B60067AC7A /* AppDelegate.swift in Sources */ = {isa = PBXBuildFile; fileRef = 5BFF759823BB34B60067AC7A /* AppDelegate.swift */; };
		5BFF759B23BB34B80067AC7A /* Assets.xcassets in Resources */ = {isa = PBXBuildFile; fileRef = 5BFF759A23BB34B80067AC7A /* Assets.xcassets */; };
		5BFF759E23BB34B80067AC7A /* MainMenu.xib in Resources */ = {isa = PBXBuildFile; fileRef = 5BFF759C23BB34B80067AC7A /* MainMenu.xib */; };
		5BFF75A823BB35010067AC7A /* MainWindowController.swift in Sources */ = {isa = PBXBuildFile; fileRef = 5BFF75A623BB35010067AC7A /* MainWindowController.swift */; };
		5BFF75A923BB35010067AC7A /* MainWindowController.xib in Resources */ = {isa = PBXBuildFile; fileRef = 5BFF75A723BB35010067AC7A /* MainWindowController.xib */; };
		5BFF75AB23BB361D0067AC7A /* DieView.swift in Sources */ = {isa = PBXBuildFile; fileRef = 5BFF75AA23BB361D0067AC7A /* DieView.swift */; };
		5BFF75D123BBC75E0067AC7A /* NSString+Drawing.swift in Sources */ = {isa = PBXBuildFile; fileRef = 5BFF75D023BBC75E0067AC7A /* NSString+Drawing.swift */; };
/* End PBXBuildFile section */

/* Begin PBXFileReference section */
		5B16201423BD02B900E09D2B /* ConfigurationWindowController.swift */ = {isa = PBXFileReference; lastKnownFileType = sourcecode.swift; path = ConfigurationWindowController.swift; sourceTree = "<group>"; };
		5B16201523BD02B900E09D2B /* ConfigurationWindowController.xib */ = {isa = PBXFileReference; lastKnownFileType = file.xib; path = ConfigurationWindowController.xib; sourceTree = "<group>"; };
		5BFF759523BB34B60067AC7A /* Dice.app */ = {isa = PBXFileReference; explicitFileType = wrapper.application; includeInIndex = 0; path = Dice.app; sourceTree = BUILT_PRODUCTS_DIR; };
		5BFF759823BB34B60067AC7A /* AppDelegate.swift */ = {isa = PBXFileReference; lastKnownFileType = sourcecode.swift; path = AppDelegate.swift; sourceTree = "<group>"; };
		5BFF759A23BB34B80067AC7A /* Assets.xcassets */ = {isa = PBXFileReference; lastKnownFileType = folder.assetcatalog; path = Assets.xcassets; sourceTree = "<group>"; };
		5BFF759D23BB34B80067AC7A /* Base */ = {isa = PBXFileReference; lastKnownFileType = file.xib; name = Base; path = Base.lproj/MainMenu.xib; sourceTree = "<group>"; };
		5BFF759F23BB34B80067AC7A /* Info.plist */ = {isa = PBXFileReference; lastKnownFileType = text.plist.xml; path = Info.plist; sourceTree = "<group>"; };
		5BFF75A023BB34B80067AC7A /* Dice.entitlements */ = {isa = PBXFileReference; lastKnownFileType = text.plist.entitlements; path = Dice.entitlements; sourceTree = "<group>"; };
		5BFF75A623BB35010067AC7A /* MainWindowController.swift */ = {isa = PBXFileReference; lastKnownFileType = sourcecode.swift; path = MainWindowController.swift; sourceTree = "<group>"; };
		5BFF75A723BB35010067AC7A /* MainWindowController.xib */ = {isa = PBXFileReference; lastKnownFileType = file.xib; path = MainWindowController.xib; sourceTree = "<group>"; };
		5BFF75AA23BB361D0067AC7A /* DieView.swift */ = {isa = PBXFileReference; lastKnownFileType = sourcecode.swift; path = DieView.swift; sourceTree = "<group>"; };
		5BFF75D023BBC75E0067AC7A /* NSString+Drawing.swift */ = {isa = PBXFileReference; lastKnownFileType = sourcecode.swift; path = "NSString+Drawing.swift"; sourceTree = "<group>"; };
/* End PBXFileReference section */

/* Begin PBXFrameworksBuildPhase section */
		5BFF759223BB34B60067AC7A /* Frameworks */ = {
			isa = PBXFrameworksBuildPhase;
			buildActionMask = 2147483647;
			files = (
			);
			runOnlyForDeploymentPostprocessing = 0;
		};
/* End PBXFrameworksBuildPhase section */

/* Begin PBXGroup section */
		5BFF758C23BB34B60067AC7A = {
			isa = PBXGroup;
			children = (
				5BFF759723BB34B60067AC7A /* Dice */,
				5BFF759623BB34B60067AC7A /* Products */,
			);
			sourceTree = "<group>";
		};
		5BFF759623BB34B60067AC7A /* Products */ = {
			isa = PBXGroup;
			children = (
				5BFF759523BB34B60067AC7A /* Dice.app */,
			);
			name = Products;
			sourceTree = "<group>";
		};
		5BFF759723BB34B60067AC7A /* Dice */ = {
			isa = PBXGroup;
			children = (
				5BFF759823BB34B60067AC7A /* AppDelegate.swift */,
				5BFF75A623BB35010067AC7A /* MainWindowController.swift */,
				5BFF75A723BB35010067AC7A /* MainWindowController.xib */,
				5BFF75AA23BB361D0067AC7A /* DieView.swift */,
				5BFF75D023BBC75E0067AC7A /* NSString+Drawing.swift */,
				5B16201423BD02B900E09D2B /* ConfigurationWindowController.swift */,
				5B16201523BD02B900E09D2B /* ConfigurationWindowController.xib */,
				5BFF759A23BB34B80067AC7A /* Assets.xcassets */,
				5BFF759C23BB34B80067AC7A /* MainMenu.xib */,
				5BFF759F23BB34B80067AC7A /* Info.plist */,
				5BFF75A023BB34B80067AC7A /* Dice.entitlements */,
			);
			path = Dice;
			sourceTree = "<group>";
		};
/* End PBXGroup section */

/* Begin PBXNativeTarget section */
		5BFF759423BB34B60067AC7A /* Dice */ = {
			isa = PBXNativeTarget;
			buildConfigurationList = 5BFF75A323BB34B80067AC7A /* Build configuration list for PBXNativeTarget "Dice" */;
			buildPhases = (
				5BFF759123BB34B60067AC7A /* Sources */,
				5BFF759223BB34B60067AC7A /* Frameworks */,
				5BFF759323BB34B60067AC7A /* Resources */,
			);
			buildRules = (
			);
			dependencies = (
			);
			name = Dice;
			productName = Dice;
			productReference = 5BFF759523BB34B60067AC7A /* Dice.app */;
			productType = "com.apple.product-type.application";
		};
/* End PBXNativeTarget section */

/* Begin PBXProject section */
		5BFF758D23BB34B60067AC7A /* Project object */ = {
			isa = PBXProject;
			attributes = {
				LastSwiftUpdateCheck = 1130;
				LastUpgradeCheck = 1130;
				ORGANIZATIONNAME = "조성빈";
				TargetAttributes = {
					5BFF759423BB34B60067AC7A = {
						CreatedOnToolsVersion = 11.3;
					};
				};
			};
			buildConfigurationList = 5BFF759023BB34B60067AC7A /* Build configuration list for PBXProject "Dice" */;
			compatibilityVersion = "Xcode 9.3";
			developmentRegion = en;
			hasScannedForEncodings = 0;
			knownRegions = (
				en,
				Base,
			);
			mainGroup = 5BFF758C23BB34B60067AC7A;
			productRefGroup = 5BFF759623BB34B60067AC7A /* Products */;
			projectDirPath = "";
			projectRoot = "";
			targets = (
				5BFF759423BB34B60067AC7A /* Dice */,
			);
		};
/* End PBXProject section */

/* Begin PBXResourcesBuildPhase section */
		5BFF759323BB34B60067AC7A /* Resources */ = {
			isa = PBXResourcesBuildPhase;
			buildActionMask = 2147483647;
			files = (
				5BFF759B23BB34B80067AC7A /* Assets.xcassets in Resources */,
				5BFF75A923BB35010067AC7A /* MainWindowController.xib in Resources */,
				5B16201723BD02B900E09D2B /* ConfigurationWindowController.xib in Resources */,
				5BFF759E23BB34B80067AC7A /* MainMenu.xib in Resources */,
			);
			runOnlyForDeploymentPostprocessing = 0;
		};
/* End PBXResourcesBuildPhase section */

/* Begin PBXSourcesBuildPhase section */
		5BFF759123BB34B60067AC7A /* Sources */ = {
			isa = PBXSourcesBuildPhase;
			buildActionMask = 2147483647;
			files = (
				5BFF75D123BBC75E0067AC7A /* NSString+Drawing.swift in Sources */,
				5BFF75A823BB35010067AC7A /* MainWindowController.swift in Sources */,
				5B16201623BD02B900E09D2B /* ConfigurationWindowController.swift in Sources */,
				5BFF759923BB34B60067AC7A /* AppDelegate.swift in Sources */,
				5BFF75AB23BB361D0067AC7A /* DieView.swift in Sources */,
			);
			runOnlyForDeploymentPostprocessing = 0;
		};
/* End PBXSourcesBuildPhase section */

/* Begin PBXVariantGroup section */
		5BFF759C23BB34B80067AC7A /* MainMenu.xib */ = {
			isa = PBXVariantGroup;
			children = (
				5BFF759D23BB34B80067AC7A /* Base */,
			);
			name = MainMenu.xib;
			sourceTree = "<group>";
		};
/* End PBXVariantGroup section */

/* Begin XCBuildConfiguration section */
		5BFF75A123BB34B80067AC7A /* Debug */ = {
			isa = XCBuildConfiguration;
			buildSettings = {
				ALWAYS_SEARCH_USER_PATHS = NO;
				CLANG_ANALYZER_NONNULL = YES;
				CLANG_ANALYZER_NUMBER_OBJECT_CONVERSION = YES_AGGRESSIVE;
				CLANG_CXX_LANGUAGE_STANDARD = "gnu++14";
				CLANG_CXX_LIBRARY = "libc++";
				CLANG_ENABLE_MODULES = YES;
				CLANG_ENABLE_OBJC_ARC = YES;
				CLANG_ENABLE_OBJC_WEAK = YES;
				CLANG_WARN_BLOCK_CAPTURE_AUTORELEASING = YES;
				CLANG_WARN_BOOL_CONVERSION = YES;
				CLANG_WARN_COMMA = YES;
				CLANG_WARN_CONSTANT_CONVERSION = YES;
				CLANG_WARN_DEPRECATED_OBJC_IMPLEMENTATIONS = YES;
				CLANG_WARN_DIRECT_OBJC_ISA_USAGE = YES_ERROR;
				CLANG_WARN_DOCUMENTATION_COMMENTS = YES;
				CLANG_WARN_EMPTY_BODY = YES;
				CLANG_WARN_ENUM_CONVERSION = YES;
				CLANG_WARN_INFINITE_RECURSION = YES;
				CLANG_WARN_INT_CONVERSION = YES;
				CLANG_WARN_NON_LITERAL_NULL_CONVERSION = YES;
				CLANG_WARN_OBJC_IMPLICIT_RETAIN_SELF = YES;
				CLANG_WARN_OBJC_LITERAL_CONVERSION = YES;
				CLANG_WARN_OBJC_ROOT_CLASS = YES_ERROR;
				CLANG_WARN_RANGE_LOOP_ANALYSIS = YES;
				CLANG_WARN_STRICT_PROTOTYPES = YES;
				CLANG_WARN_SUSPICIOUS_MOVE = YES;
				CLANG_WARN_UNGUARDED_AVAILABILITY = YES_AGGRESSIVE;
				CLANG_WARN_UNREACHABLE_CODE = YES;
				CLANG_WARN__DUPLICATE_METHOD_MATCH = YES;
				COPY_PHASE_STRIP = NO;
				DEBUG_INFORMATION_FORMAT = dwarf;
				ENABLE_STRICT_OBJC_MSGSEND = YES;
				ENABLE_TESTABILITY = YES;
				GCC_C_LANGUAGE_STANDARD = gnu11;
				GCC_DYNAMIC_NO_PIC = NO;
				GCC_NO_COMMON_BLOCKS = YES;
				GCC_OPTIMIZATION_LEVEL = 0;
				GCC_PREPROCESSOR_DEFINITIONS = (
					"DEBUG=1",
					"$(inherited)",
				);
				GCC_WARN_64_TO_32_BIT_CONVERSION = YES;
				GCC_WARN_ABOUT_RETURN_TYPE = YES_ERROR;
				GCC_WARN_UNDECLARED_SELECTOR = YES;
				GCC_WARN_UNINITIALIZED_AUTOS = YES_AGGRESSIVE;
				GCC_WARN_UNUSED_FUNCTION = YES;
				GCC_WARN_UNUSED_VARIABLE = YES;
				MACOSX_DEPLOYMENT_TARGET = 10.15;
				MTL_ENABLE_DEBUG_INFO = INCLUDE_SOURCE;
				MTL_FAST_MATH = YES;
				ONLY_ACTIVE_ARCH = YES;
				SDKROOT = macosx;
				SWIFT_ACTIVE_COMPILATION_CONDITIONS = DEBUG;
				SWIFT_OPTIMIZATION_LEVEL = "-Onone";
			};
			name = Debug;
		};
		5BFF75A223BB34B80067AC7A /* Release */ = {
			isa = XCBuildConfiguration;
			buildSettings = {
				ALWAYS_SEARCH_USER_PATHS = NO;
				CLANG_ANALYZER_NONNULL = YES;
				CLANG_ANALYZER_NUMBER_OBJECT_CONVERSION = YES_AGGRESSIVE;
				CLANG_CXX_LANGUAGE_STANDARD = "gnu++14";
				CLANG_CXX_LIBRARY = "libc++";
				CLANG_ENABLE_MODULES = YES;
				CLANG_ENABLE_OBJC_ARC = YES;
				CLANG_ENABLE_OBJC_WEAK = YES;
				CLANG_WARN_BLOCK_CAPTURE_AUTORELEASING = YES;
				CLANG_WARN_BOOL_CONVERSION = YES;
				CLANG_WARN_COMMA = YES;
				CLANG_WARN_CONSTANT_CONVERSION = YES;
				CLANG_WARN_DEPRECATED_OBJC_IMPLEMENTATIONS = YES;
				CLANG_WARN_DIRECT_OBJC_ISA_USAGE = YES_ERROR;
				CLANG_WARN_DOCUMENTATION_COMMENTS = YES;
				CLANG_WARN_EMPTY_BODY = YES;
				CLANG_WARN_ENUM_CONVERSION = YES;
				CLANG_WARN_INFINITE_RECURSION = YES;
				CLANG_WARN_INT_CONVERSION = YES;
				CLANG_WARN_NON_LITERAL_NULL_CONVERSION = YES;
				CLANG_WARN_OBJC_IMPLICIT_RETAIN_SELF = YES;
				CLANG_WARN_OBJC_LITERAL_CONVERSION = YES;
				CLANG_WARN_OBJC_ROOT_CLASS = YES_ERROR;
				CLANG_WARN_RANGE_LOOP_ANALYSIS = YES;
				CLANG_WARN_STRICT_PROTOTYPES = YES;
				CLANG_WARN_SUSPICIOUS_MOVE = YES;
				CLANG_WARN_UNGUARDED_AVAILABILITY = YES_AGGRESSIVE;
				CLANG_WARN_UNREACHABLE_CODE = YES;
				CLANG_WARN__DUPLICATE_METHOD_MATCH = YES;
				COPY_PHASE_STRIP = NO;
				DEBUG_INFORMATION_FORMAT = "dwarf-with-dsym";
				ENABLE_NS_ASSERTIONS = NO;
				ENABLE_STRICT_OBJC_MSGSEND = YES;
				GCC_C_LANGUAGE_STANDARD = gnu11;
				GCC_NO_COMMON_BLOCKS = YES;
				GCC_WARN_64_TO_32_BIT_CONVERSION = YES;
				GCC_WARN_ABOUT_RETURN_TYPE = YES_ERROR;
				GCC_WARN_UNDECLARED_SELECTOR = YES;
				GCC_WARN_UNINITIALIZED_AUTOS = YES_AGGRESSIVE;
				GCC_WARN_UNUSED_FUNCTION = YES;
				GCC_WARN_UNUSED_VARIABLE = YES;
				MACOSX_DEPLOYMENT_TARGET = 10.15;
				MTL_ENABLE_DEBUG_INFO = NO;
				MTL_FAST_MATH = YES;
				SDKROOT = macosx;
				SWIFT_COMPILATION_MODE = wholemodule;
				SWIFT_OPTIMIZATION_LEVEL = "-O";
			};
			name = Release;
		};
		5BFF75A423BB34B80067AC7A /* Debug */ = {
			isa = XCBuildConfiguration;
			buildSettings = {
				ASSETCATALOG_COMPILER_APPICON_NAME = AppIcon;
				CODE_SIGN_ENTITLEMENTS = Dice/Dice.entitlements;
				CODE_SIGN_STYLE = Automatic;
				COMBINE_HIDPI_IMAGES = YES;
				INFOPLIST_FILE = Dice/Info.plist;
				LD_RUNPATH_SEARCH_PATHS = (
					"$(inherited)",
					"@executable_path/../Frameworks",
				);
				PRODUCT_BUNDLE_IDENTIFIER = io.pcr910303.Dice;
				PRODUCT_NAME = "$(TARGET_NAME)";
				SWIFT_VERSION = 5.0;
			};
			name = Debug;
		};
		5BFF75A523BB34B80067AC7A /* Release */ = {
			isa = XCBuildConfiguration;
			buildSettings = {
				ASSETCATALOG_COMPILER_APPICON_NAME = AppIcon;
				CODE_SIGN_ENTITLEMENTS = Dice/Dice.entitlements;
				CODE_SIGN_STYLE = Automatic;
				COMBINE_HIDPI_IMAGES = YES;
				INFOPLIST_FILE = Dice/Info.plist;
				LD_RUNPATH_SEARCH_PATHS = (
					"$(inherited)",
					"@executable_path/../Frameworks",
				);
				PRODUCT_BUNDLE_IDENTIFIER = io.pcr910303.Dice;
				PRODUCT_NAME = "$(TARGET_NAME)";
				SWIFT_VERSION = 5.0;
			};
			name = Release;
		};
/* End XCBuildConfiguration section */

/* Begin XCConfigurationList section */
		5BFF759023BB34B60067AC7A /* Build configuration list for PBXProject "Dice" */ = {
			isa = XCConfigurationList;
			buildConfigurations = (
				5BFF75A123BB34B80067AC7A /* Debug */,
				5BFF75A223BB34B80067AC7A /* Release */,
			);
			defaultConfigurationIsVisible = 0;
			defaultConfigurationName = Release;
		};
		5BFF75A323BB34B80067AC7A /* Build configuration list for PBXNativeTarget "Dice" */ = {
			isa = XCConfigurationList;
			buildConfigurations = (
				5BFF75A423BB34B80067AC7A /* Debug */,
				5BFF75A523BB34B80067AC7A /* Release */,
			);
			defaultConfigurationIsVisible = 0;
			defaultConfigurationName = Release;
		};
/* End XCConfigurationList section */
	};
	rootObject = 5BFF758D23BB34B60067AC7A /* Project object */;
}
